
Microsoft Visual Studio Solution File, Format Version 12.00
# Visual Studio Version 16
VisualStudioVersion = 16.0.31729.503
MinimumVisualStudioVersion = 10.0.40219.1
Project("{FAE04EC0-301F-11D3-BF4B-00C04F79EFBC}") = "CesdeCarga", "CesdeCarga\CesdeCarga.csproj", "{733B7BDC-989B-4D51-8AB8-D69FAB0D74DE}"
EndProject
Global
	GlobalSection(SolutionConfigurationPlatforms) = preSolution
		Debug|Any CPU = Debug|Any CPU
		Release|Any CPU = Release|Any CPU
	EndGlobalSection
	GlobalSection(ProjectConfigurationPlatforms) = postSolution
		{733B7BDC-989B-4D51-8AB8-D69FAB0D74DE}.Debug|Any CPU.ActiveCfg = Debug|Any CPU
		{733B7BDC-989B-4D51-8AB8-D69FAB0D74DE}.Debug|Any CPU.Build.0 = Debug|Any CPU
		{733B7BDC-989B-4D51-8AB8-D69FAB0D74DE}.Release|Any CPU.ActiveCfg = Release|Any CPU
		{733B7BDC-989B-4D51-8AB8-D69FAB0D74DE}.Release|Any CPU.Build.0 = Release|Any CPU
	EndGlobalSection
	GlobalSection(SolutionProperties) = preSolution
		HideSolutionNode = FALSE
	EndGlobalSection
	GlobalSection(ExtensibilityGlobals) = postSolution
		SolutionGuid = {F6A503BA-2BDD-47D7-8FEB-0956D84FBDDC}
	EndGlobalSection
EndGlobal
